{
  "originHash" : "93d91975b5d4e93022bbdb8fd26a6a85dd73687b15fd3ee24589fffe4166509c",
  "pins" : [
    {
      "identity" : "fp-swift",
      "kind" : "remoteSourceControl",
      "location" : "https://github.com/velocityzen/fp-swift",
      "state" : {
        "revision" : "5fd4b5489e246173ae17d2833bc6dd56ab43a361",
        "version" : "3.1.0"
      }
    }
  ],
  "version" : 3
}
