{
  "originHash" : "5ab74b8c024801bc67f9233e044fb72c0102fc97ff16642d1bca66003a6c69e0",
  "pins" : [
    {
      "identity" : "fp-swift",
      "kind" : "remoteSourceControl",
      "location" : "https://github.com/velocityzen/fp-swift",
      "state" : {
        "revision" : "0168ae35bbac77faf0dc38bb87834a1102e02275",
        "version" : "3.0.1"
      }
    }
  ],
  "version" : 3
}
