{
  "originHash" : "f641e2d30d323fac21b2c4ca0578fcbb7b1e6ad57c0aba6c1ca5abcf3954bd00",
  "pins" : [
    {
      "identity" : "fp-swift",
      "kind" : "remoteSourceControl",
      "location" : "https://github.com/velocityzen/fp-swift",
      "state" : {
        "revision" : "0168ae35bbac77faf0dc38bb87834a1102e02275",
        "version" : "3.0.1"
      }
    }
  ],
  "version" : 3
}
